
Microsoft Visual Studio Solution File, Format Version 12.00
# Visual Studio Version 16
VisualStudioVersion = 16.0.32228.343
MinimumVisualStudioVersion = 10.0.40219.1
Project("{FAE04EC0-301F-11D3-BF4B-00C04F79EFBC}") = "Car_resale", "Car_resale.csproj", "{A716BA38-B73D-4438-A1BB-23F1196CC93D}"
EndProject
Project("{FAE04EC0-301F-11D3-BF4B-00C04F79EFBC}") = "DAL", "..\DAL\DAL.csproj", "{F18796D9-8071-43CD-9B30-74F90AFF74F2}"
EndProject
Global
	GlobalSection(SolutionConfigurationPlatforms) = preSolution
		Debug|Any CPU = Debug|Any CPU
		Release|Any CPU = Release|Any CPU
	EndGlobalSection
	GlobalSection(ProjectConfigurationPlatforms) = postSolution
		{A716BA38-B73D-4438-A1BB-23F1196CC93D}.Debug|Any CPU.ActiveCfg = Debug|Any CPU
		{A716BA38-B73D-4438-A1BB-23F1196CC93D}.Debug|Any CPU.Build.0 = Debug|Any CPU
		{A716BA38-B73D-4438-A1BB-23F1196CC93D}.Release|Any CPU.ActiveCfg = Release|Any CPU
		{A716BA38-B73D-4438-A1BB-23F1196CC93D}.Release|Any CPU.Build.0 = Release|Any CPU
		{F18796D9-8071-43CD-9B30-74F90AFF74F2}.Debug|Any CPU.ActiveCfg = Debug|Any CPU
		{F18796D9-8071-43CD-9B30-74F90AFF74F2}.Debug|Any CPU.Build.0 = Debug|Any CPU
		{F18796D9-8071-43CD-9B30-74F90AFF74F2}.Release|Any CPU.ActiveCfg = Release|Any CPU
		{F18796D9-8071-43CD-9B30-74F90AFF74F2}.Release|Any CPU.Build.0 = Release|Any CPU
	EndGlobalSection
	GlobalSection(SolutionProperties) = preSolution
		HideSolutionNode = FALSE
	EndGlobalSection
	GlobalSection(ExtensibilityGlobals) = postSolution
		SolutionGuid = {6D22335B-195C-40C5-B965-08B03AA7E91C}
	EndGlobalSection
EndGlobal
