
Microsoft Visual Studio Solution File, Format Version 12.00
# Visual Studio Version 17
VisualStudioVersion = 17.1.32228.430
MinimumVisualStudioVersion = 10.0.40219.1
Project("{9A19103F-16F7-4668-BE54-9A1E7A4F7556}") = "CarResale", "CarResale.csproj", "{A716BA38-B73D-4438-A1BB-23F1196CC93D}"
EndProject
Project("{9A19103F-16F7-4668-BE54-9A1E7A4F7556}") = "DAL", "..\DAL\DAL.csproj", "{F18796D9-8071-43CD-9B30-74F90AFF74F2}"
EndProject
Project("{9A19103F-16F7-4668-BE54-9A1E7A4F7556}") = "BL", "..\BL\BL.csproj", "{D9B7F7B2-EEE1-447F-8C1A-BD2B3C0A3A36}"
EndProject
Global
	GlobalSection(SolutionConfigurationPlatforms) = preSolution
		Debug|Any CPU = Debug|Any CPU
		Release|Any CPU = Release|Any CPU
	EndGlobalSection
	GlobalSection(ProjectConfigurationPlatforms) = postSolution
		{A716BA38-B73D-4438-A1BB-23F1196CC93D}.Debug|Any CPU.ActiveCfg = Debug|Any CPU
		{A716BA38-B73D-4438-A1BB-23F1196CC93D}.Debug|Any CPU.Build.0 = Debug|Any CPU
		{A716BA38-B73D-4438-A1BB-23F1196CC93D}.Release|Any CPU.ActiveCfg = Release|Any CPU
		{A716BA38-B73D-4438-A1BB-23F1196CC93D}.Release|Any CPU.Build.0 = Release|Any CPU
		{F18796D9-8071-43CD-9B30-74F90AFF74F2}.Debug|Any CPU.ActiveCfg = Debug|Any CPU
		{F18796D9-8071-43CD-9B30-74F90AFF74F2}.Debug|Any CPU.Build.0 = Debug|Any CPU
		{F18796D9-8071-43CD-9B30-74F90AFF74F2}.Release|Any CPU.ActiveCfg = Release|Any CPU
		{F18796D9-8071-43CD-9B30-74F90AFF74F2}.Release|Any CPU.Build.0 = Release|Any CPU
		{D9B7F7B2-EEE1-447F-8C1A-BD2B3C0A3A36}.Debug|Any CPU.ActiveCfg = Debug|Any CPU
		{D9B7F7B2-EEE1-447F-8C1A-BD2B3C0A3A36}.Debug|Any CPU.Build.0 = Debug|Any CPU
		{D9B7F7B2-EEE1-447F-8C1A-BD2B3C0A3A36}.Release|Any CPU.ActiveCfg = Release|Any CPU
		{D9B7F7B2-EEE1-447F-8C1A-BD2B3C0A3A36}.Release|Any CPU.Build.0 = Release|Any CPU
	EndGlobalSection
	GlobalSection(SolutionProperties) = preSolution
		HideSolutionNode = FALSE
	EndGlobalSection
	GlobalSection(ExtensibilityGlobals) = postSolution
		SolutionGuid = {6D22335B-195C-40C5-B965-08B03AA7E91C}
	EndGlobalSection
EndGlobal
